
Microsoft Visual Studio Solution File, Format Version 12.00
# Visual Studio Version 16
VisualStudioVersion = 16.0.31112.23
MinimumVisualStudioVersion = 10.0.40219.1
Project("{FAE04EC0-301F-11D3-BF4B-00C04F79EFBC}") = "Fix Your Subtitles", "Fix Your Subtitles.csproj", "{B84BB7FD-C735-4500-BA5C-5CF2D8B54D18}"
EndProject
Global
	GlobalSection(SolutionConfigurationPlatforms) = preSolution
		Debug|Any CPU = Debug|Any CPU
		Release|Any CPU = Release|Any CPU
	EndGlobalSection
	GlobalSection(ProjectConfigurationPlatforms) = postSolution
		{B84BB7FD-C735-4500-BA5C-5CF2D8B54D18}.Debug|Any CPU.ActiveCfg = Debug|Any CPU
		{B84BB7FD-C735-4500-BA5C-5CF2D8B54D18}.Debug|Any CPU.Build.0 = Debug|Any CPU
		{B84BB7FD-C735-4500-BA5C-5CF2D8B54D18}.Release|Any CPU.ActiveCfg = Release|Any CPU
		{B84BB7FD-C735-4500-BA5C-5CF2D8B54D18}.Release|Any CPU.Build.0 = Release|Any CPU
	EndGlobalSection
	GlobalSection(SolutionProperties) = preSolution
		HideSolutionNode = FALSE
	EndGlobalSection
	GlobalSection(ExtensibilityGlobals) = postSolution
		SolutionGuid = {9035C078-1ABF-4460-AFB5-CBAB85C93A4B}
	EndGlobalSection
EndGlobal
